// !$*UTF8*$!
{
	archiveVersion = 1;
	classes = {
	};
	objectVersion = 46;
	objects = {

/* Begin PBXBuildFile section */
		0C5EB42F197F46A700BBCB2D /* Foundation.framework in Frameworks */ = {isa = PBXBuildFile; fileRef = 0C5EB42E197F46A700BBCB2D /* Foundation.framework */; };
		0C5EB431197F46A800BBCB2D /* CoreGraphics.framework in Frameworks */ = {isa = PBXBuildFile; fileRef = 0C5EB430197F46A800BBCB2D /* CoreGraphics.framework */; };
		0C5EB433197F46A800BBCB2D /* UIKit.framework in Frameworks */ = {isa = PBXBuildFile; fileRef = 0C5EB432197F46A800BBCB2D /* UIKit.framework */; };
		0C5EB439197F46A800BBCB2D /* InfoPlist.strings in Resources */ = {isa = PBXBuildFile; fileRef = 0C5EB437197F46A800BBCB2D /* InfoPlist.strings */; };
		0C5EB43B197F46A800BBCB2D /* main.m in Sources */ = {isa = PBXBuildFile; fileRef = 0C5EB43A197F46A800BBCB2D /* main.m */; };
		0C5EB43F197F46A800BBCB2D /* ONAppDelegate.m in Sources */ = {isa = PBXBuildFile; fileRef = 0C5EB43E197F46A800BBCB2D /* ONAppDelegate.m */; };
		0C5EB441197F46A800BBCB2D /* Images.xcassets in Resources */ = {isa = PBXBuildFile; fileRef = 0C5EB440197F46A800BBCB2D /* Images.xcassets */; };
		0C5EB448197F46A800BBCB2D /* XCTest.framework in Frameworks */ = {isa = PBXBuildFile; fileRef = 0C5EB447197F46A800BBCB2D /* XCTest.framework */; };
		0C5EB449197F46A800BBCB2D /* Foundation.framework in Frameworks */ = {isa = PBXBuildFile; fileRef = 0C5EB42E197F46A700BBCB2D /* Foundation.framework */; };
		0C5EB44A197F46A800BBCB2D /* UIKit.framework in Frameworks */ = {isa = PBXBuildFile; fileRef = 0C5EB432197F46A800BBCB2D /* UIKit.framework */; };
		0C5EB452197F46A800BBCB2D /* InfoPlist.strings in Resources */ = {isa = PBXBuildFile; fileRef = 0C5EB450197F46A800BBCB2D /* InfoPlist.strings */; };
		0C5EB454197F46A800BBCB2D /* OfficeNowV2Tests.m in Sources */ = {isa = PBXBuildFile; fileRef = 0C5EB453197F46A800BBCB2D /* OfficeNowV2Tests.m */; };
/* End PBXBuildFile section */

/* Begin PBXContainerItemProxy section */
		0C5EB44B197F46A800BBCB2D /* PBXContainerItemProxy */ = {
			isa = PBXContainerItemProxy;
			containerPortal = 0C5EB423197F46A700BBCB2D /* Project object */;
			proxyType = 1;
			remoteGlobalIDString = 0C5EB42A197F46A700BBCB2D;
			remoteInfo = OfficeNowV2;
		};
/* End PBXContainerItemProxy section */

/* Begin PBXFileReference section */
		0C5EB42B197F46A700BBCB2D /* OfficeNowV2.app */ = {isa = PBXFileReference; explicitFileType = wrapper.application; includeInIndex = 0; path = OfficeNowV2.app; sourceTree = BUILT_PRODUCTS_DIR; };
		0C5EB42E197F46A700BBCB2D /* Foundation.framework */ = {isa = PBXFileReference; lastKnownFileType = wrapper.framework; name = Foundation.framework; path = System/Library/Frameworks/Foundation.framework; sourceTree = SDKROOT; };
		0C5EB430197F46A800BBCB2D /* CoreGraphics.framework */ = {isa = PBXFileReference; lastKnownFileType = wrapper.framework; name = CoreGraphics.framework; path = System/Library/Frameworks/CoreGraphics.framework; sourceTree = SDKROOT; };
		0C5EB432197F46A800BBCB2D /* UIKit.framework */ = {isa = PBXFileReference; lastKnownFileType = wrapper.framework; name = UIKit.framework; path = System/Library/Frameworks/UIKit.framework; sourceTree = SDKROOT; };
		0C5EB436197F46A800BBCB2D /* OfficeNowV2-Info.plist */ = {isa = PBXFileReference; lastKnownFileType = text.plist.xml; path = "OfficeNowV2-Info.plist"; sourceTree = "<group>"; };
		0C5EB438197F46A800BBCB2D /* en */ = {isa = PBXFileReference; lastKnownFileType = text.plist.strings; name = en; path = en.lproj/InfoPlist.strings; sourceTree = "<group>"; };
		0C5EB43A197F46A800BBCB2D /* main.m */ = {isa = PBXFileReference; lastKnownFileType = sourcecode.c.objc; path = main.m; sourceTree = "<group>"; };
		0C5EB43C197F46A800BBCB2D /* OfficeNowV2-Prefix.pch */ = {isa = PBXFileReference; lastKnownFileType = sourcecode.c.h; path = "OfficeNowV2-Prefix.pch"; sourceTree = "<group>"; };
		0C5EB43D197F46A800BBCB2D /* ONAppDelegate.h */ = {isa = PBXFileReference; lastKnownFileType = sourcecode.c.h; path = ONAppDelegate.h; sourceTree = "<group>"; };
		0C5EB43E197F46A800BBCB2D /* ONAppDelegate.m */ = {isa = PBXFileReference; lastKnownFileType = sourcecode.c.objc; path = ONAppDelegate.m; sourceTree = "<group>"; };
		0C5EB440197F46A800BBCB2D /* Images.xcassets */ = {isa = PBXFileReference; lastKnownFileType = folder.assetcatalog; path = Images.xcassets; sourceTree = "<group>"; };
		0C5EB446197F46A800BBCB2D /* OfficeNowV2Tests.xctest */ = {isa = PBXFileReference; explicitFileType = wrapper.cfbundle; includeInIndex = 0; path = OfficeNowV2Tests.xctest; sourceTree = BUILT_PRODUCTS_DIR; };
		0C5EB447197F46A800BBCB2D /* XCTest.framework */ = {isa = PBXFileReference; lastKnownFileType = wrapper.framework; name = XCTest.framework; path = Library/Frameworks/XCTest.framework; sourceTree = DEVELOPER_DIR; };
		0C5EB44F197F46A800BBCB2D /* OfficeNowV2Tests-Info.plist */ = {isa = PBXFileReference; lastKnownFileType = text.plist.xml; path = "OfficeNowV2Tests-Info.plist"; sourceTree = "<group>"; };
		0C5EB451197F46A800BBCB2D /* en */ = {isa = PBXFileReference; lastKnownFileType = text.plist.strings; name = en; path = en.lproj/InfoPlist.strings; sourceTree = "<group>"; };
		0C5EB453197F46A800BBCB2D /* OfficeNowV2Tests.m */ = {isa = PBXFileReference; lastKnownFileType = sourcecode.c.objc; path = OfficeNowV2Tests.m; sourceTree = "<group>"; };
/* End PBXFileReference section */

/* Begin PBXFrameworksBuildPhase section */
		0C5EB428197F46A700BBCB2D /* Frameworks */ = {
			isa = PBXFrameworksBuildPhase;
			buildActionMask = 2147483647;
			files = (
				0C5EB431197F46A800BBCB2D /* CoreGraphics.framework in Frameworks */,
				0C5EB433197F46A800BBCB2D /* UIKit.framework in Frameworks */,
				0C5EB42F197F46A700BBCB2D /* Foundation.framework in Frameworks */,
			);
			runOnlyForDeploymentPostprocessing = 0;
		};
		0C5EB443197F46A800BBCB2D /* Frameworks */ = {
			isa = PBXFrameworksBuildPhase;
			buildActionMask = 2147483647;
			files = (
				0C5EB448197F46A800BBCB2D /* XCTest.framework in Frameworks */,
				0C5EB44A197F46A800BBCB2D /* UIKit.framework in Frameworks */,
				0C5EB449197F46A800BBCB2D /* Foundation.framework in Frameworks */,
			);
			runOnlyForDeploymentPostprocessing = 0;
		};
/* End PBXFrameworksBuildPhase section */

/* Begin PBXGroup section */
		0C5EB422197F46A700BBCB2D = {
			isa = PBXGroup;
			children = (
				0C5EB434197F46A800BBCB2D /* OfficeNowV2 */,
				0C5EB44D197F46A800BBCB2D /* OfficeNowV2Tests */,
				0C5EB42D197F46A700BBCB2D /* Frameworks */,
				0C5EB42C197F46A700BBCB2D /* Products */,
			);
			sourceTree = "<group>";
		};
		0C5EB42C197F46A700BBCB2D /* Products */ = {
			isa = PBXGroup;
			children = (
				0C5EB42B197F46A700BBCB2D /* OfficeNowV2.app */,
				0C5EB446197F46A800BBCB2D /* OfficeNowV2Tests.xctest */,
			);
			name = Products;
			sourceTree = "<group>";
		};
		0C5EB42D197F46A700BBCB2D /* Frameworks */ = {
			isa = PBXGroup;
			children = (
				0C5EB42E197F46A700BBCB2D /* Foundation.framework */,
				0C5EB430197F46A800BBCB2D /* CoreGraphics.framework */,
				0C5EB432197F46A800BBCB2D /* UIKit.framework */,
				0C5EB447197F46A800BBCB2D /* XCTest.framework */,
			);
			name = Frameworks;
			sourceTree = "<group>";
		};
		0C5EB434197F46A800BBCB2D /* OfficeNowV2 */ = {
			isa = PBXGroup;
			children = (
				0C5EB43D197F46A800BBCB2D /* ONAppDelegate.h */,
				0C5EB43E197F46A800BBCB2D /* ONAppDelegate.m */,
				0C5EB440197F46A800BBCB2D /* Images.xcassets */,
				0C5EB435197F46A800BBCB2D /* Supporting Files */,
			);
			path = OfficeNowV2;
			sourceTree = "<group>";
		};
		0C5EB435197F46A800BBCB2D /* Supporting Files */ = {
			isa = PBXGroup;
			children = (
				0C5EB436197F46A800BBCB2D /* OfficeNowV2-Info.plist */,
				0C5EB437197F46A800BBCB2D /* InfoPlist.strings */,
				0C5EB43A197F46A800BBCB2D /* main.m */,
				0C5EB43C197F46A800BBCB2D /* OfficeNowV2-Prefix.pch */,
			);
			name = "Supporting Files";
			sourceTree = "<group>";
		};
		0C5EB44D197F46A800BBCB2D /* OfficeNowV2Tests */ = {
			isa = PBXGroup;
			children = (
				0C5EB453197F46A800BBCB2D /* OfficeNowV2Tests.m */,
				0C5EB44E197F46A800BBCB2D /* Supporting Files */,
			);
			path = OfficeNowV2Tests;
			sourceTree = "<group>";
		};
		0C5EB44E197F46A800BBCB2D /* Supporting Files */ = {
			isa = PBXGroup;
			children = (
				0C5EB44F197F46A800BBCB2D /* OfficeNowV2Tests-Info.plist */,
				0C5EB450197F46A800BBCB2D /* InfoPlist.strings */,
			);
			name = "Supporting Files";
			sourceTree = "<group>";
		};
/* End PBXGroup section */

/* Begin PBXNativeTarget section */
		0C5EB42A197F46A700BBCB2D /* OfficeNowV2 */ = {
			isa = PBXNativeTarget;
			buildConfigurationList = 0C5EB457197F46A800BBCB2D /* Build configuration list for PBXNativeTarget "OfficeNowV2" */;
			buildPhases = (
				0C5EB427197F46A700BBCB2D /* Sources */,
				0C5EB428197F46A700BBCB2D /* Frameworks */,
				0C5EB429197F46A700BBCB2D /* Resources */,
			);
			buildRules = (
			);
			dependencies = (
			);
			name = OfficeNowV2;
			productName = OfficeNowV2;
			productReference = 0C5EB42B197F46A700BBCB2D /* OfficeNowV2.app */;
			productType = "com.apple.product-type.application";
		};
		0C5EB445197F46A800BBCB2D /* OfficeNowV2Tests */ = {
			isa = PBXNativeTarget;
			buildConfigurationList = 0C5EB45A197F46A800BBCB2D /* Build configuration list for PBXNativeTarget "OfficeNowV2Tests" */;
			buildPhases = (
				0C5EB442197F46A800BBCB2D /* Sources */,
				0C5EB443197F46A800BBCB2D /* Frameworks */,
				0C5EB444197F46A800BBCB2D /* Resources */,
			);
			buildRules = (
			);
			dependencies = (
				0C5EB44C197F46A800BBCB2D /* PBXTargetDependency */,
			);
			name = OfficeNowV2Tests;
			productName = OfficeNowV2Tests;
			productReference = 0C5EB446197F46A800BBCB2D /* OfficeNowV2Tests.xctest */;
			productType = "com.apple.product-type.bundle.unit-test";
		};
/* End PBXNativeTarget section */

/* Begin PBXProject section */
		0C5EB423197F46A700BBCB2D /* Project object */ = {
			isa = PBXProject;
			attributes = {
				CLASSPREFIX = ON;
				LastUpgradeCheck = 0510;
				ORGANIZATIONNAME = "Ibrahim El Far";
				TargetAttributes = {
					0C5EB445197F46A800BBCB2D = {
						TestTargetID = 0C5EB42A197F46A700BBCB2D;
					};
				};
			};
			buildConfigurationList = 0C5EB426197F46A700BBCB2D /* Build configuration list for PBXProject "OfficeNowV2" */;
			compatibilityVersion = "Xcode 3.2";
			developmentRegion = English;
			hasScannedForEncodings = 0;
			knownRegions = (
				en,
			);
			mainGroup = 0C5EB422197F46A700BBCB2D;
			productRefGroup = 0C5EB42C197F46A700BBCB2D /* Products */;
			projectDirPath = "";
			projectRoot = "";
			targets = (
				0C5EB42A197F46A700BBCB2D /* OfficeNowV2 */,
				0C5EB445197F46A800BBCB2D /* OfficeNowV2Tests */,
			);
		};
/* End PBXProject section */

/* Begin PBXResourcesBuildPhase section */
		0C5EB429197F46A700BBCB2D /* Resources */ = {
			isa = PBXResourcesBuildPhase;
			buildActionMask = 2147483647;
			files = (
				0C5EB439197F46A800BBCB2D /* InfoPlist.strings in Resources */,
				0C5EB441197F46A800BBCB2D /* Images.xcassets in Resources */,
			);
			runOnlyForDeploymentPostprocessing = 0;
		};
		0C5EB444197F46A800BBCB2D /* Resources */ = {
			isa = PBXResourcesBuildPhase;
			buildActionMask = 2147483647;
			files = (
				0C5EB452197F46A800BBCB2D /* InfoPlist.strings in Resources */,
			);
			runOnlyForDeploymentPostprocessing = 0;
		};
/* End PBXResourcesBuildPhase section */

/* Begin PBXSourcesBuildPhase section */
		0C5EB427197F46A700BBCB2D /* Sources */ = {
			isa = PBXSourcesBuildPhase;
			buildActionMask = 2147483647;
			files = (
				0C5EB43B197F46A800BBCB2D /* main.m in Sources */,
				0C5EB43F197F46A800BBCB2D /* ONAppDelegate.m in Sources */,
			);
			runOnlyForDeploymentPostprocessing = 0;
		};
		0C5EB442197F46A800BBCB2D /* Sources */ = {
			isa = PBXSourcesBuildPhase;
			buildActionMask = 2147483647;
			files = (
				0C5EB454197F46A800BBCB2D /* OfficeNowV2Tests.m in Sources */,
			);
			runOnlyForDeploymentPostprocessing = 0;
		};
/* End PBXSourcesBuildPhase section */

/* Begin PBXTargetDependency section */
		0C5EB44C197F46A800BBCB2D /* PBXTargetDependency */ = {
			isa = PBXTargetDependency;
			target = 0C5EB42A197F46A700BBCB2D /* OfficeNowV2 */;
			targetProxy = 0C5EB44B197F46A800BBCB2D /* PBXContainerItemProxy */;
		};
/* End PBXTargetDependency section */

/* Begin PBXVariantGroup section */
		0C5EB437197F46A800BBCB2D /* InfoPlist.strings */ = {
			isa = PBXVariantGroup;
			children = (
				0C5EB438197F46A800BBCB2D /* en */,
			);
			name = InfoPlist.strings;
			sourceTree = "<group>";
		};
		0C5EB450197F46A800BBCB2D /* InfoPlist.strings */ = {
			isa = PBXVariantGroup;
			children = (
				0C5EB451197F46A800BBCB2D /* en */,
			);
			name = InfoPlist.strings;
			sourceTree = "<group>";
		};
/* End PBXVariantGroup section */

/* Begin XCBuildConfiguration section */
		0C5EB455197F46A800BBCB2D /* Debug */ = {
			isa = XCBuildConfiguration;
			buildSettings = {
				ALWAYS_SEARCH_USER_PATHS = NO;
				CLANG_CXX_LANGUAGE_STANDARD = "gnu++0x";
				CLANG_CXX_LIBRARY = "libc++";
				CLANG_ENABLE_MODULES = YES;
				CLANG_ENABLE_OBJC_ARC = YES;
				CLANG_WARN_BOOL_CONVERSION = YES;
				CLANG_WARN_CONSTANT_CONVERSION = YES;
				CLANG_WARN_DIRECT_OBJC_ISA_USAGE = YES_ERROR;
				CLANG_WARN_EMPTY_BODY = YES;
				CLANG_WARN_ENUM_CONVERSION = YES;
				CLANG_WARN_INT_CONVERSION = YES;
				CLANG_WARN_OBJC_ROOT_CLASS = YES_ERROR;
				CLANG_WARN__DUPLICATE_METHOD_MATCH = YES;
				"CODE_SIGN_IDENTITY[sdk=iphoneos*]" = "iPhone Developer";
				COPY_PHASE_STRIP = NO;
				GCC_C_LANGUAGE_STANDARD = gnu99;
				GCC_DYNAMIC_NO_PIC = NO;
				GCC_OPTIMIZATION_LEVEL = 0;
				GCC_PREPROCESSOR_DEFINITIONS = (
					"DEBUG=1",
					"$(inherited)",
				);
				GCC_SYMBOLS_PRIVATE_EXTERN = NO;
				GCC_WARN_64_TO_32_BIT_CONVERSION = YES;
				GCC_WARN_ABOUT_RETURN_TYPE = YES_ERROR;
				GCC_WARN_UNDECLARED_SELECTOR = YES;
				GCC_WARN_UNINITIALIZED_AUTOS = YES_AGGRESSIVE;
				GCC_WARN_UNUSED_FUNCTION = YES;
				GCC_WARN_UNUSED_VARIABLE = YES;
				IPHONEOS_DEPLOYMENT_TARGET = 7.1;
				ONLY_ACTIVE_ARCH = YES;
				SDKROOT = iphoneos;
			};
			name = Debug;
		};
		0C5EB456197F46A800BBCB2D /* Release */ = {
			isa = XCBuildConfiguration;
			buildSettings = {
				ALWAYS_SEARCH_USER_PATHS = NO;
				CLANG_CXX_LANGUAGE_STANDARD = "gnu++0x";
				CLANG_CXX_LIBRARY = "libc++";
				CLANG_ENABLE_MODULES = YES;
				CLANG_ENABLE_OBJC_ARC = YES;
				CLANG_WARN_BOOL_CONVERSION = YES;
				CLANG_WARN_CONSTANT_CONVERSION = YES;
				CLANG_WARN_DIRECT_OBJC_ISA_USAGE = YES_ERROR;
				CLANG_WARN_EMPTY_BODY = YES;
				CLANG_WARN_ENUM_CONVERSION = YES;
				CLANG_WARN_INT_CONVERSION = YES;
				CLANG_WARN_OBJC_ROOT_CLASS = YES_ERROR;
				CLANG_WARN__DUPLICATE_METHOD_MATCH = YES;
				"CODE_SIGN_IDENTITY[sdk=iphoneos*]" = "iPhone Developer";
				COPY_PHASE_STRIP = YES;
				ENABLE_NS_ASSERTIONS = NO;
				GCC_C_LANGUAGE_STANDARD = gnu99;
				GCC_WARN_64_TO_32_BIT_CONVERSION = YES;
				GCC_WARN_ABOUT_RETURN_TYPE = YES_ERROR;
				GCC_WARN_UNDECLARED_SELECTOR = YES;
				GCC_WARN_UNINITIALIZED_AUTOS = YES_AGGRESSIVE;
				GCC_WARN_UNUSED_FUNCTION = YES;
				GCC_WARN_UNUSED_VARIABLE = YES;
				IPHONEOS_DEPLOYMENT_TARGET = 7.1;
				SDKROOT = iphoneos;
				VALIDATE_PRODUCT = YES;
			};
			name = Release;
		};
		0C5EB458197F46A800BBCB2D /* Debug */ = {
			isa = XCBuildConfiguration;
			buildSettings = {
				ASSETCATALOG_COMPILER_APPICON_NAME = AppIcon;
				ASSETCATALOG_COMPILER_LAUNCHIMAGE_NAME = LaunchImage;
				GCC_PRECOMPILE_PREFIX_HEADER = YES;
				GCC_PREFIX_HEADER = "OfficeNowV2/OfficeNowV2-Prefix.pch";
				INFOPLIST_FILE = "OfficeNowV2/OfficeNowV2-Info.plist";
				PRODUCT_NAME = "$(TARGET_NAME)";
				WRAPPER_EXTENSION = app;
			};
			name = Debug;
		};
		0C5EB459197F46A800BBCB2D /* Release */ = {
			isa = XCBuildConfiguration;
			buildSettings = {
				ASSETCATALOG_COMPILER_APPICON_NAME = AppIcon;
				ASSETCATALOG_COMPILER_LAUNCHIMAGE_NAME = LaunchImage;
				GCC_PRECOMPILE_PREFIX_HEADER = YES;
				GCC_PREFIX_HEADER = "OfficeNowV2/OfficeNowV2-Prefix.pch";
				INFOPLIST_FILE = "OfficeNowV2/OfficeNowV2-Info.plist";
				PRODUCT_NAME = "$(TARGET_NAME)";
				WRAPPER_EXTENSION = app;
			};
			name = Release;
		};
		0C5EB45B197F46A800BBCB2D /* Debug */ = {
			isa = XCBuildConfiguration;
			buildSettings = {
				BUNDLE_LOADER = "$(BUILT_PRODUCTS_DIR)/OfficeNowV2.app/OfficeNowV2";
				FRAMEWORK_SEARCH_PATHS = (
					"$(SDKROOT)/Developer/Library/Frameworks",
					"$(inherited)",
					"$(DEVELOPER_FRAMEWORKS_DIR)",
				);
				GCC_PRECOMPILE_PREFIX_HEADER = YES;
				GCC_PREFIX_HEADER = "OfficeNowV2/OfficeNowV2-Prefix.pch";
				GCC_PREPROCESSOR_DEFINITIONS = (
					"DEBUG=1",
					"$(inherited)",
				);
				INFOPLIST_FILE = "OfficeNowV2Tests/OfficeNowV2Tests-Info.plist";
				PRODUCT_NAME = "$(TARGET_NAME)";
				TEST_HOST = "$(BUNDLE_LOADER)";
				WRAPPER_EXTENSION = xctest;
			};
			name = Debug;
		};
		0C5EB45C197F46A800BBCB2D /* Release */ = {
			isa = XCBuildConfiguration;
			buildSettings = {
				BUNDLE_LOADER = "$(BUILT_PRODUCTS_DIR)/OfficeNowV2.app/OfficeNowV2";
				FRAMEWORK_SEARCH_PATHS = (
					"$(SDKROOT)/Developer/Library/Frameworks",
					"$(inherited)",
					"$(DEVELOPER_FRAMEWORKS_DIR)",
				);
				GCC_PRECOMPILE_PREFIX_HEADER = YES;
				GCC_PREFIX_HEADER = "OfficeNowV2/OfficeNowV2-Prefix.pch";
				INFOPLIST_FILE = "OfficeNowV2Tests/OfficeNowV2Tests-Info.plist";
				PRODUCT_NAME = "$(TARGET_NAME)";
				TEST_HOST = "$(BUNDLE_LOADER)";
				WRAPPER_EXTENSION = xctest;
			};
			name = Release;
		};
/* End XCBuildConfiguration section */

/* Begin XCConfigurationList section */
		0C5EB426197F46A700BBCB2D /* Build configuration list for PBXProject "OfficeNowV2" */ = {
			isa = XCConfigurationList;
			buildConfigurations = (
				0C5EB455197F46A800BBCB2D /* Debug */,
				0C5EB456197F46A800BBCB2D /* Release */,
			);
			defaultConfigurationIsVisible = 0;
			defaultConfigurationName = Release;
		};
		0C5EB457197F46A800BBCB2D /* Build configuration list for PBXNativeTarget "OfficeNowV2" */ = {
			isa = XCConfigurationList;
			buildConfigurations = (
				0C5EB458197F46A800BBCB2D /* Debug */,
				0C5EB459197F46A800BBCB2D /* Release */,
			);
			defaultConfigurationIsVisible = 0;
		};
		0C5EB45A197F46A800BBCB2D /* Build configuration list for PBXNativeTarget "OfficeNowV2Tests" */ = {
			isa = XCConfigurationList;
			buildConfigurations = (
				0C5EB45B197F46A800BBCB2D /* Debug */,
				0C5EB45C197F46A800BBCB2D /* Release */,
			);
			defaultConfigurationIsVisible = 0;
		};
/* End XCConfigurationList section */
	};
	rootObject = 0C5EB423197F46A700BBCB2D /* Project object */;
}
