// !$*UTF8*$!
{
	archiveVersion = 1;
	classes = {
	};
	objectVersion = 46;
	objects = {

/* Begin PBXBuildFile section */
		0C98E347197C80360004450B /* Foundation.framework in Frameworks */ = {isa = PBXBuildFile; fileRef = 0C98E346197C80360004450B /* Foundation.framework */; };
		0C98E349197C80360004450B /* CoreGraphics.framework in Frameworks */ = {isa = PBXBuildFile; fileRef = 0C98E348197C80360004450B /* CoreGraphics.framework */; };
		0C98E34B197C80360004450B /* UIKit.framework in Frameworks */ = {isa = PBXBuildFile; fileRef = 0C98E34A197C80360004450B /* UIKit.framework */; };
		0C98E351197C80360004450B /* InfoPlist.strings in Resources */ = {isa = PBXBuildFile; fileRef = 0C98E34F197C80360004450B /* InfoPlist.strings */; };
		0C98E353197C80360004450B /* main.m in Sources */ = {isa = PBXBuildFile; fileRef = 0C98E352197C80360004450B /* main.m */; };
		0C98E357197C80360004450B /* AppDelegate.m in Sources */ = {isa = PBXBuildFile; fileRef = 0C98E356197C80360004450B /* AppDelegate.m */; };
		0C98E359197C80360004450B /* Images.xcassets in Resources */ = {isa = PBXBuildFile; fileRef = 0C98E358197C80360004450B /* Images.xcassets */; };
		0C98E360197C80360004450B /* XCTest.framework in Frameworks */ = {isa = PBXBuildFile; fileRef = 0C98E35F197C80360004450B /* XCTest.framework */; };
		0C98E361197C80360004450B /* Foundation.framework in Frameworks */ = {isa = PBXBuildFile; fileRef = 0C98E346197C80360004450B /* Foundation.framework */; };
		0C98E362197C80360004450B /* UIKit.framework in Frameworks */ = {isa = PBXBuildFile; fileRef = 0C98E34A197C80360004450B /* UIKit.framework */; };
		0C98E36A197C80360004450B /* InfoPlist.strings in Resources */ = {isa = PBXBuildFile; fileRef = 0C98E368197C80360004450B /* InfoPlist.strings */; };
		0C98E36C197C80360004450B /* HelloWorldFromEmptyiOSTests.m in Sources */ = {isa = PBXBuildFile; fileRef = 0C98E36B197C80360004450B /* HelloWorldFromEmptyiOSTests.m */; };
		0C98E378197C83B00004450B /* HelloWorldViewController.m in Sources */ = {isa = PBXBuildFile; fileRef = 0C98E376197C83B00004450B /* HelloWorldViewController.m */; };
		0C98E379197C83B00004450B /* HelloWorldViewController.xib in Resources */ = {isa = PBXBuildFile; fileRef = 0C98E377197C83B00004450B /* HelloWorldViewController.xib */; };
/* End PBXBuildFile section */

/* Begin PBXContainerItemProxy section */
		0C98E363197C80360004450B /* PBXContainerItemProxy */ = {
			isa = PBXContainerItemProxy;
			containerPortal = 0C98E33B197C80360004450B /* Project object */;
			proxyType = 1;
			remoteGlobalIDString = 0C98E342197C80360004450B;
			remoteInfo = HelloWorldFromEmptyiOS;
		};
/* End PBXContainerItemProxy section */

/* Begin PBXFileReference section */
		0C98E343197C80360004450B /* HelloWorldFromEmptyiOS.app */ = {isa = PBXFileReference; explicitFileType = wrapper.application; includeInIndex = 0; path = HelloWorldFromEmptyiOS.app; sourceTree = BUILT_PRODUCTS_DIR; };
		0C98E346197C80360004450B /* Foundation.framework */ = {isa = PBXFileReference; lastKnownFileType = wrapper.framework; name = Foundation.framework; path = System/Library/Frameworks/Foundation.framework; sourceTree = SDKROOT; };
		0C98E348197C80360004450B /* CoreGraphics.framework */ = {isa = PBXFileReference; lastKnownFileType = wrapper.framework; name = CoreGraphics.framework; path = System/Library/Frameworks/CoreGraphics.framework; sourceTree = SDKROOT; };
		0C98E34A197C80360004450B /* UIKit.framework */ = {isa = PBXFileReference; lastKnownFileType = wrapper.framework; name = UIKit.framework; path = System/Library/Frameworks/UIKit.framework; sourceTree = SDKROOT; };
		0C98E34E197C80360004450B /* HelloWorldFromEmptyiOS-Info.plist */ = {isa = PBXFileReference; lastKnownFileType = text.plist.xml; path = "HelloWorldFromEmptyiOS-Info.plist"; sourceTree = "<group>"; };
		0C98E350197C80360004450B /* en */ = {isa = PBXFileReference; lastKnownFileType = text.plist.strings; name = en; path = en.lproj/InfoPlist.strings; sourceTree = "<group>"; };
		0C98E352197C80360004450B /* main.m */ = {isa = PBXFileReference; lastKnownFileType = sourcecode.c.objc; path = main.m; sourceTree = "<group>"; };
		0C98E354197C80360004450B /* HelloWorldFromEmptyiOS-Prefix.pch */ = {isa = PBXFileReference; lastKnownFileType = sourcecode.c.h; path = "HelloWorldFromEmptyiOS-Prefix.pch"; sourceTree = "<group>"; };
		0C98E355197C80360004450B /* AppDelegate.h */ = {isa = PBXFileReference; lastKnownFileType = sourcecode.c.h; path = AppDelegate.h; sourceTree = "<group>"; };
		0C98E356197C80360004450B /* AppDelegate.m */ = {isa = PBXFileReference; lastKnownFileType = sourcecode.c.objc; path = AppDelegate.m; sourceTree = "<group>"; };
		0C98E358197C80360004450B /* Images.xcassets */ = {isa = PBXFileReference; lastKnownFileType = folder.assetcatalog; path = Images.xcassets; sourceTree = "<group>"; };
		0C98E35E197C80360004450B /* HelloWorldFromEmptyiOSTests.xctest */ = {isa = PBXFileReference; explicitFileType = wrapper.cfbundle; includeInIndex = 0; path = HelloWorldFromEmptyiOSTests.xctest; sourceTree = BUILT_PRODUCTS_DIR; };
		0C98E35F197C80360004450B /* XCTest.framework */ = {isa = PBXFileReference; lastKnownFileType = wrapper.framework; name = XCTest.framework; path = Library/Frameworks/XCTest.framework; sourceTree = DEVELOPER_DIR; };
		0C98E367197C80360004450B /* HelloWorldFromEmptyiOSTests-Info.plist */ = {isa = PBXFileReference; lastKnownFileType = text.plist.xml; path = "HelloWorldFromEmptyiOSTests-Info.plist"; sourceTree = "<group>"; };
		0C98E369197C80360004450B /* en */ = {isa = PBXFileReference; lastKnownFileType = text.plist.strings; name = en; path = en.lproj/InfoPlist.strings; sourceTree = "<group>"; };
		0C98E36B197C80360004450B /* HelloWorldFromEmptyiOSTests.m */ = {isa = PBXFileReference; lastKnownFileType = sourcecode.c.objc; path = HelloWorldFromEmptyiOSTests.m; sourceTree = "<group>"; };
		0C98E375197C83B00004450B /* HelloWorldViewController.h */ = {isa = PBXFileReference; fileEncoding = 4; lastKnownFileType = sourcecode.c.h; path = HelloWorldViewController.h; sourceTree = "<group>"; };
		0C98E376197C83B00004450B /* HelloWorldViewController.m */ = {isa = PBXFileReference; fileEncoding = 4; lastKnownFileType = sourcecode.c.objc; path = HelloWorldViewController.m; sourceTree = "<group>"; };
		0C98E377197C83B00004450B /* HelloWorldViewController.xib */ = {isa = PBXFileReference; fileEncoding = 4; lastKnownFileType = file.xib; path = HelloWorldViewController.xib; sourceTree = "<group>"; };
/* End PBXFileReference section */

/* Begin PBXFrameworksBuildPhase section */
		0C98E340197C80360004450B /* Frameworks */ = {
			isa = PBXFrameworksBuildPhase;
			buildActionMask = 2147483647;
			files = (
				0C98E349197C80360004450B /* CoreGraphics.framework in Frameworks */,
				0C98E34B197C80360004450B /* UIKit.framework in Frameworks */,
				0C98E347197C80360004450B /* Foundation.framework in Frameworks */,
			);
			runOnlyForDeploymentPostprocessing = 0;
		};
		0C98E35B197C80360004450B /* Frameworks */ = {
			isa = PBXFrameworksBuildPhase;
			buildActionMask = 2147483647;
			files = (
				0C98E360197C80360004450B /* XCTest.framework in Frameworks */,
				0C98E362197C80360004450B /* UIKit.framework in Frameworks */,
				0C98E361197C80360004450B /* Foundation.framework in Frameworks */,
			);
			runOnlyForDeploymentPostprocessing = 0;
		};
/* End PBXFrameworksBuildPhase section */

/* Begin PBXGroup section */
		0C98E33A197C80360004450B = {
			isa = PBXGroup;
			children = (
				0C98E375197C83B00004450B /* HelloWorldViewController.h */,
				0C98E376197C83B00004450B /* HelloWorldViewController.m */,
				0C98E377197C83B00004450B /* HelloWorldViewController.xib */,
				0C98E34C197C80360004450B /* HelloWorldFromEmptyiOS */,
				0C98E365197C80360004450B /* HelloWorldFromEmptyiOSTests */,
				0C98E345197C80360004450B /* Frameworks */,
				0C98E344197C80360004450B /* Products */,
			);
			sourceTree = "<group>";
		};
		0C98E344197C80360004450B /* Products */ = {
			isa = PBXGroup;
			children = (
				0C98E343197C80360004450B /* HelloWorldFromEmptyiOS.app */,
				0C98E35E197C80360004450B /* HelloWorldFromEmptyiOSTests.xctest */,
			);
			name = Products;
			sourceTree = "<group>";
		};
		0C98E345197C80360004450B /* Frameworks */ = {
			isa = PBXGroup;
			children = (
				0C98E346197C80360004450B /* Foundation.framework */,
				0C98E348197C80360004450B /* CoreGraphics.framework */,
				0C98E34A197C80360004450B /* UIKit.framework */,
				0C98E35F197C80360004450B /* XCTest.framework */,
			);
			name = Frameworks;
			sourceTree = "<group>";
		};
		0C98E34C197C80360004450B /* HelloWorldFromEmptyiOS */ = {
			isa = PBXGroup;
			children = (
				0C98E355197C80360004450B /* AppDelegate.h */,
				0C98E356197C80360004450B /* AppDelegate.m */,
				0C98E358197C80360004450B /* Images.xcassets */,
				0C98E34D197C80360004450B /* Supporting Files */,
			);
			path = HelloWorldFromEmptyiOS;
			sourceTree = "<group>";
		};
		0C98E34D197C80360004450B /* Supporting Files */ = {
			isa = PBXGroup;
			children = (
				0C98E34E197C80360004450B /* HelloWorldFromEmptyiOS-Info.plist */,
				0C98E34F197C80360004450B /* InfoPlist.strings */,
				0C98E352197C80360004450B /* main.m */,
				0C98E354197C80360004450B /* HelloWorldFromEmptyiOS-Prefix.pch */,
			);
			name = "Supporting Files";
			sourceTree = "<group>";
		};
		0C98E365197C80360004450B /* HelloWorldFromEmptyiOSTests */ = {
			isa = PBXGroup;
			children = (
				0C98E36B197C80360004450B /* HelloWorldFromEmptyiOSTests.m */,
				0C98E366197C80360004450B /* Supporting Files */,
			);
			path = HelloWorldFromEmptyiOSTests;
			sourceTree = "<group>";
		};
		0C98E366197C80360004450B /* Supporting Files */ = {
			isa = PBXGroup;
			children = (
				0C98E367197C80360004450B /* HelloWorldFromEmptyiOSTests-Info.plist */,
				0C98E368197C80360004450B /* InfoPlist.strings */,
			);
			name = "Supporting Files";
			sourceTree = "<group>";
		};
/* End PBXGroup section */

/* Begin PBXNativeTarget section */
		0C98E342197C80360004450B /* HelloWorldFromEmptyiOS */ = {
			isa = PBXNativeTarget;
			buildConfigurationList = 0C98E36F197C80360004450B /* Build configuration list for PBXNativeTarget "HelloWorldFromEmptyiOS" */;
			buildPhases = (
				0C98E33F197C80360004450B /* Sources */,
				0C98E340197C80360004450B /* Frameworks */,
				0C98E341197C80360004450B /* Resources */,
			);
			buildRules = (
			);
			dependencies = (
			);
			name = HelloWorldFromEmptyiOS;
			productName = HelloWorldFromEmptyiOS;
			productReference = 0C98E343197C80360004450B /* HelloWorldFromEmptyiOS.app */;
			productType = "com.apple.product-type.application";
		};
		0C98E35D197C80360004450B /* HelloWorldFromEmptyiOSTests */ = {
			isa = PBXNativeTarget;
			buildConfigurationList = 0C98E372197C80360004450B /* Build configuration list for PBXNativeTarget "HelloWorldFromEmptyiOSTests" */;
			buildPhases = (
				0C98E35A197C80360004450B /* Sources */,
				0C98E35B197C80360004450B /* Frameworks */,
				0C98E35C197C80360004450B /* Resources */,
			);
			buildRules = (
			);
			dependencies = (
				0C98E364197C80360004450B /* PBXTargetDependency */,
			);
			name = HelloWorldFromEmptyiOSTests;
			productName = HelloWorldFromEmptyiOSTests;
			productReference = 0C98E35E197C80360004450B /* HelloWorldFromEmptyiOSTests.xctest */;
			productType = "com.apple.product-type.bundle.unit-test";
		};
/* End PBXNativeTarget section */

/* Begin PBXProject section */
		0C98E33B197C80360004450B /* Project object */ = {
			isa = PBXProject;
			attributes = {
				LastUpgradeCheck = 0510;
				ORGANIZATIONNAME = "Ibrahim El Far";
				TargetAttributes = {
					0C98E35D197C80360004450B = {
						TestTargetID = 0C98E342197C80360004450B;
					};
				};
			};
			buildConfigurationList = 0C98E33E197C80360004450B /* Build configuration list for PBXProject "HelloWorldFromEmptyiOS" */;
			compatibilityVersion = "Xcode 3.2";
			developmentRegion = English;
			hasScannedForEncodings = 0;
			knownRegions = (
				en,
			);
			mainGroup = 0C98E33A197C80360004450B;
			productRefGroup = 0C98E344197C80360004450B /* Products */;
			projectDirPath = "";
			projectRoot = "";
			targets = (
				0C98E342197C80360004450B /* HelloWorldFromEmptyiOS */,
				0C98E35D197C80360004450B /* HelloWorldFromEmptyiOSTests */,
			);
		};
/* End PBXProject section */

/* Begin PBXResourcesBuildPhase section */
		0C98E341197C80360004450B /* Resources */ = {
			isa = PBXResourcesBuildPhase;
			buildActionMask = 2147483647;
			files = (
				0C98E351197C80360004450B /* InfoPlist.strings in Resources */,
				0C98E359197C80360004450B /* Images.xcassets in Resources */,
				0C98E379197C83B00004450B /* HelloWorldViewController.xib in Resources */,
			);
			runOnlyForDeploymentPostprocessing = 0;
		};
		0C98E35C197C80360004450B /* Resources */ = {
			isa = PBXResourcesBuildPhase;
			buildActionMask = 2147483647;
			files = (
				0C98E36A197C80360004450B /* InfoPlist.strings in Resources */,
			);
			runOnlyForDeploymentPostprocessing = 0;
		};
/* End PBXResourcesBuildPhase section */

/* Begin PBXSourcesBuildPhase section */
		0C98E33F197C80360004450B /* Sources */ = {
			isa = PBXSourcesBuildPhase;
			buildActionMask = 2147483647;
			files = (
				0C98E357197C80360004450B /* AppDelegate.m in Sources */,
				0C98E378197C83B00004450B /* HelloWorldViewController.m in Sources */,
				0C98E353197C80360004450B /* main.m in Sources */,
			);
			runOnlyForDeploymentPostprocessing = 0;
		};
		0C98E35A197C80360004450B /* Sources */ = {
			isa = PBXSourcesBuildPhase;
			buildActionMask = 2147483647;
			files = (
				0C98E36C197C80360004450B /* HelloWorldFromEmptyiOSTests.m in Sources */,
			);
			runOnlyForDeploymentPostprocessing = 0;
		};
/* End PBXSourcesBuildPhase section */

/* Begin PBXTargetDependency section */
		0C98E364197C80360004450B /* PBXTargetDependency */ = {
			isa = PBXTargetDependency;
			target = 0C98E342197C80360004450B /* HelloWorldFromEmptyiOS */;
			targetProxy = 0C98E363197C80360004450B /* PBXContainerItemProxy */;
		};
/* End PBXTargetDependency section */

/* Begin PBXVariantGroup section */
		0C98E34F197C80360004450B /* InfoPlist.strings */ = {
			isa = PBXVariantGroup;
			children = (
				0C98E350197C80360004450B /* en */,
			);
			name = InfoPlist.strings;
			sourceTree = "<group>";
		};
		0C98E368197C80360004450B /* InfoPlist.strings */ = {
			isa = PBXVariantGroup;
			children = (
				0C98E369197C80360004450B /* en */,
			);
			name = InfoPlist.strings;
			sourceTree = "<group>";
		};
/* End PBXVariantGroup section */

/* Begin XCBuildConfiguration section */
		0C98E36D197C80360004450B /* Debug */ = {
			isa = XCBuildConfiguration;
			buildSettings = {
				ALWAYS_SEARCH_USER_PATHS = NO;
				CLANG_CXX_LANGUAGE_STANDARD = "gnu++0x";
				CLANG_CXX_LIBRARY = "libc++";
				CLANG_ENABLE_MODULES = YES;
				CLANG_ENABLE_OBJC_ARC = YES;
				CLANG_WARN_BOOL_CONVERSION = YES;
				CLANG_WARN_CONSTANT_CONVERSION = YES;
				CLANG_WARN_DIRECT_OBJC_ISA_USAGE = YES_ERROR;
				CLANG_WARN_EMPTY_BODY = YES;
				CLANG_WARN_ENUM_CONVERSION = YES;
				CLANG_WARN_INT_CONVERSION = YES;
				CLANG_WARN_OBJC_ROOT_CLASS = YES_ERROR;
				CLANG_WARN__DUPLICATE_METHOD_MATCH = YES;
				"CODE_SIGN_IDENTITY[sdk=iphoneos*]" = "iPhone Developer";
				COPY_PHASE_STRIP = NO;
				GCC_C_LANGUAGE_STANDARD = gnu99;
				GCC_DYNAMIC_NO_PIC = NO;
				GCC_OPTIMIZATION_LEVEL = 0;
				GCC_PREPROCESSOR_DEFINITIONS = (
					"DEBUG=1",
					"$(inherited)",
				);
				GCC_SYMBOLS_PRIVATE_EXTERN = NO;
				GCC_WARN_64_TO_32_BIT_CONVERSION = YES;
				GCC_WARN_ABOUT_RETURN_TYPE = YES_ERROR;
				GCC_WARN_UNDECLARED_SELECTOR = YES;
				GCC_WARN_UNINITIALIZED_AUTOS = YES_AGGRESSIVE;
				GCC_WARN_UNUSED_FUNCTION = YES;
				GCC_WARN_UNUSED_VARIABLE = YES;
				IPHONEOS_DEPLOYMENT_TARGET = 7.1;
				ONLY_ACTIVE_ARCH = YES;
				SDKROOT = iphoneos;
				TARGETED_DEVICE_FAMILY = "1,2";
			};
			name = Debug;
		};
		0C98E36E197C80360004450B /* Release */ = {
			isa = XCBuildConfiguration;
			buildSettings = {
				ALWAYS_SEARCH_USER_PATHS = NO;
				CLANG_CXX_LANGUAGE_STANDARD = "gnu++0x";
				CLANG_CXX_LIBRARY = "libc++";
				CLANG_ENABLE_MODULES = YES;
				CLANG_ENABLE_OBJC_ARC = YES;
				CLANG_WARN_BOOL_CONVERSION = YES;
				CLANG_WARN_CONSTANT_CONVERSION = YES;
				CLANG_WARN_DIRECT_OBJC_ISA_USAGE = YES_ERROR;
				CLANG_WARN_EMPTY_BODY = YES;
				CLANG_WARN_ENUM_CONVERSION = YES;
				CLANG_WARN_INT_CONVERSION = YES;
				CLANG_WARN_OBJC_ROOT_CLASS = YES_ERROR;
				CLANG_WARN__DUPLICATE_METHOD_MATCH = YES;
				"CODE_SIGN_IDENTITY[sdk=iphoneos*]" = "iPhone Developer";
				COPY_PHASE_STRIP = YES;
				ENABLE_NS_ASSERTIONS = NO;
				GCC_C_LANGUAGE_STANDARD = gnu99;
				GCC_WARN_64_TO_32_BIT_CONVERSION = YES;
				GCC_WARN_ABOUT_RETURN_TYPE = YES_ERROR;
				GCC_WARN_UNDECLARED_SELECTOR = YES;
				GCC_WARN_UNINITIALIZED_AUTOS = YES_AGGRESSIVE;
				GCC_WARN_UNUSED_FUNCTION = YES;
				GCC_WARN_UNUSED_VARIABLE = YES;
				IPHONEOS_DEPLOYMENT_TARGET = 7.1;
				SDKROOT = iphoneos;
				TARGETED_DEVICE_FAMILY = "1,2";
				VALIDATE_PRODUCT = YES;
			};
			name = Release;
		};
		0C98E370197C80360004450B /* Debug */ = {
			isa = XCBuildConfiguration;
			buildSettings = {
				ASSETCATALOG_COMPILER_APPICON_NAME = AppIcon;
				ASSETCATALOG_COMPILER_LAUNCHIMAGE_NAME = LaunchImage;
				GCC_PRECOMPILE_PREFIX_HEADER = YES;
				GCC_PREFIX_HEADER = "HelloWorldFromEmptyiOS/HelloWorldFromEmptyiOS-Prefix.pch";
				INFOPLIST_FILE = "HelloWorldFromEmptyiOS/HelloWorldFromEmptyiOS-Info.plist";
				PRODUCT_NAME = "$(TARGET_NAME)";
				WRAPPER_EXTENSION = app;
			};
			name = Debug;
		};
		0C98E371197C80360004450B /* Release */ = {
			isa = XCBuildConfiguration;
			buildSettings = {
				ASSETCATALOG_COMPILER_APPICON_NAME = AppIcon;
				ASSETCATALOG_COMPILER_LAUNCHIMAGE_NAME = LaunchImage;
				GCC_PRECOMPILE_PREFIX_HEADER = YES;
				GCC_PREFIX_HEADER = "HelloWorldFromEmptyiOS/HelloWorldFromEmptyiOS-Prefix.pch";
				INFOPLIST_FILE = "HelloWorldFromEmptyiOS/HelloWorldFromEmptyiOS-Info.plist";
				PRODUCT_NAME = "$(TARGET_NAME)";
				WRAPPER_EXTENSION = app;
			};
			name = Release;
		};
		0C98E373197C80360004450B /* Debug */ = {
			isa = XCBuildConfiguration;
			buildSettings = {
				BUNDLE_LOADER = "$(BUILT_PRODUCTS_DIR)/HelloWorldFromEmptyiOS.app/HelloWorldFromEmptyiOS";
				FRAMEWORK_SEARCH_PATHS = (
					"$(SDKROOT)/Developer/Library/Frameworks",
					"$(inherited)",
					"$(DEVELOPER_FRAMEWORKS_DIR)",
				);
				GCC_PRECOMPILE_PREFIX_HEADER = YES;
				GCC_PREFIX_HEADER = "HelloWorldFromEmptyiOS/HelloWorldFromEmptyiOS-Prefix.pch";
				GCC_PREPROCESSOR_DEFINITIONS = (
					"DEBUG=1",
					"$(inherited)",
				);
				INFOPLIST_FILE = "HelloWorldFromEmptyiOSTests/HelloWorldFromEmptyiOSTests-Info.plist";
				PRODUCT_NAME = "$(TARGET_NAME)";
				TEST_HOST = "$(BUNDLE_LOADER)";
				WRAPPER_EXTENSION = xctest;
			};
			name = Debug;
		};
		0C98E374197C80360004450B /* Release */ = {
			isa = XCBuildConfiguration;
			buildSettings = {
				BUNDLE_LOADER = "$(BUILT_PRODUCTS_DIR)/HelloWorldFromEmptyiOS.app/HelloWorldFromEmptyiOS";
				FRAMEWORK_SEARCH_PATHS = (
					"$(SDKROOT)/Developer/Library/Frameworks",
					"$(inherited)",
					"$(DEVELOPER_FRAMEWORKS_DIR)",
				);
				GCC_PRECOMPILE_PREFIX_HEADER = YES;
				GCC_PREFIX_HEADER = "HelloWorldFromEmptyiOS/HelloWorldFromEmptyiOS-Prefix.pch";
				INFOPLIST_FILE = "HelloWorldFromEmptyiOSTests/HelloWorldFromEmptyiOSTests-Info.plist";
				PRODUCT_NAME = "$(TARGET_NAME)";
				TEST_HOST = "$(BUNDLE_LOADER)";
				WRAPPER_EXTENSION = xctest;
			};
			name = Release;
		};
/* End XCBuildConfiguration section */

/* Begin XCConfigurationList section */
		0C98E33E197C80360004450B /* Build configuration list for PBXProject "HelloWorldFromEmptyiOS" */ = {
			isa = XCConfigurationList;
			buildConfigurations = (
				0C98E36D197C80360004450B /* Debug */,
				0C98E36E197C80360004450B /* Release */,
			);
			defaultConfigurationIsVisible = 0;
			defaultConfigurationName = Release;
		};
		0C98E36F197C80360004450B /* Build configuration list for PBXNativeTarget "HelloWorldFromEmptyiOS" */ = {
			isa = XCConfigurationList;
			buildConfigurations = (
				0C98E370197C80360004450B /* Debug */,
				0C98E371197C80360004450B /* Release */,
			);
			defaultConfigurationIsVisible = 0;
		};
		0C98E372197C80360004450B /* Build configuration list for PBXNativeTarget "HelloWorldFromEmptyiOSTests" */ = {
			isa = XCConfigurationList;
			buildConfigurations = (
				0C98E373197C80360004450B /* Debug */,
				0C98E374197C80360004450B /* Release */,
			);
			defaultConfigurationIsVisible = 0;
		};
/* End XCConfigurationList section */
	};
	rootObject = 0C98E33B197C80360004450B /* Project object */;
}
